
Microsoft Visual Studio Solution File, Format Version 12.00
# Visual Studio Version 16
VisualStudioVersion = 16.0.30503.244
MinimumVisualStudioVersion = 10.0.40219.1
Project("{FAE04EC0-301F-11D3-BF4B-00C04F79EFBC}") = "LifeGame", "LifeGame\LifeGame.csproj", "{8DA10BEB-4449-47A7-989E-C817A310131E}"
EndProject
Global
	GlobalSection(SolutionConfigurationPlatforms) = preSolution
		Debug|Any CPU = Debug|Any CPU
		Release|Any CPU = Release|Any CPU
	EndGlobalSection
	GlobalSection(ProjectConfigurationPlatforms) = postSolution
		{8DA10BEB-4449-47A7-989E-C817A310131E}.Debug|Any CPU.ActiveCfg = Debug|Any CPU
		{8DA10BEB-4449-47A7-989E-C817A310131E}.Debug|Any CPU.Build.0 = Debug|Any CPU
		{8DA10BEB-4449-47A7-989E-C817A310131E}.Release|Any CPU.ActiveCfg = Release|Any CPU
		{8DA10BEB-4449-47A7-989E-C817A310131E}.Release|Any CPU.Build.0 = Release|Any CPU
	EndGlobalSection
	GlobalSection(SolutionProperties) = preSolution
		HideSolutionNode = FALSE
	EndGlobalSection
	GlobalSection(ExtensibilityGlobals) = postSolution
		SolutionGuid = {DDFADD82-223C-4FE4-B1BC-5C142FF22AC6}
	EndGlobalSection
EndGlobal
